
Microsoft Visual Studio Solution File, Format Version 12.00
# Visual Studio Version 16
VisualStudioVersion = 16.0.30717.126
MinimumVisualStudioVersion = 10.0.40219.1
Project("{FAE04EC0-301F-11D3-BF4B-00C04F79EFBC}") = "lab3", "lab3\lab3.csproj", "{0ABC6D92-DE25-4FE5-A2F8-85844DCE2880}"
EndProject
Global
	GlobalSection(SolutionConfigurationPlatforms) = preSolution
		Debug|Any CPU = Debug|Any CPU
		Release|Any CPU = Release|Any CPU
	EndGlobalSection
	GlobalSection(ProjectConfigurationPlatforms) = postSolution
		{0ABC6D92-DE25-4FE5-A2F8-85844DCE2880}.Debug|Any CPU.ActiveCfg = Debug|Any CPU
		{0ABC6D92-DE25-4FE5-A2F8-85844DCE2880}.Debug|Any CPU.Build.0 = Debug|Any CPU
		{0ABC6D92-DE25-4FE5-A2F8-85844DCE2880}.Release|Any CPU.ActiveCfg = Release|Any CPU
		{0ABC6D92-DE25-4FE5-A2F8-85844DCE2880}.Release|Any CPU.Build.0 = Release|Any CPU
	EndGlobalSection
	GlobalSection(SolutionProperties) = preSolution
		HideSolutionNode = FALSE
	EndGlobalSection
	GlobalSection(ExtensibilityGlobals) = postSolution
		SolutionGuid = {40F76C98-B0E1-4154-9A11-0DF9FAA5A94D}
	EndGlobalSection
EndGlobal
